
Microsoft Visual Studio Solution File, Format Version 12.00
# Visual Studio Version 17
VisualStudioVersion = 17.6.33829.357
MinimumVisualStudioVersion = 10.0.40219.1
Project("{9A19103F-16F7-4668-BE54-9A1E7A4F7556}") = "TiendaA01", "TiendaA01\TiendaA01.csproj", "{D7E35C56-F2EB-4CDD-807B-F8A2948C16BC}"
EndProject
Project("{9A19103F-16F7-4668-BE54-9A1E7A4F7556}") = "TiendaOrdenadoresA", "TiendaOrdenadores\TiendaOrdenadoresA.csproj", "{654BC334-7E9A-423E-B39F-A0B8A5E28C7B}"
EndProject
Project("{9A19103F-16F7-4668-BE54-9A1E7A4F7556}") = "TiendaOrdenadoresWebApi", "TiendaOrdenadoresWebApi\TiendaOrdenadoresWebApi\TiendaOrdenadoresWebApi.csproj", "{1589C530-B653-461C-9440-7279096D3543}"
EndProject
Project("{9A19103F-16F7-4668-BE54-9A1E7A4F7556}") = "TiendaATests", "TiendaATests\TiendaATests.csproj", "{7EF90EB1-E22C-4626-B0D5-BF8DB07D854F}"
EndProject
Project("{FAE04EC0-301F-11D3-BF4B-00C04F79EFBC}") = "TiendaOrdenadoresWebApi.Test", "TiendaOrdenadoresWebApi.Test\TiendaOrdenadoresWebApi.Test.csproj", "{A3336B70-EB82-41B1-BA35-18F24226EB57}"
EndProject
Global
	GlobalSection(SolutionConfigurationPlatforms) = preSolution
		Debug|Any CPU = Debug|Any CPU
		Release|Any CPU = Release|Any CPU
	EndGlobalSection
	GlobalSection(ProjectConfigurationPlatforms) = postSolution
		{D7E35C56-F2EB-4CDD-807B-F8A2948C16BC}.Debug|Any CPU.ActiveCfg = Debug|Any CPU
		{D7E35C56-F2EB-4CDD-807B-F8A2948C16BC}.Debug|Any CPU.Build.0 = Debug|Any CPU
		{D7E35C56-F2EB-4CDD-807B-F8A2948C16BC}.Release|Any CPU.ActiveCfg = Release|Any CPU
		{D7E35C56-F2EB-4CDD-807B-F8A2948C16BC}.Release|Any CPU.Build.0 = Release|Any CPU
		{654BC334-7E9A-423E-B39F-A0B8A5E28C7B}.Debug|Any CPU.ActiveCfg = Debug|Any CPU
		{654BC334-7E9A-423E-B39F-A0B8A5E28C7B}.Debug|Any CPU.Build.0 = Debug|Any CPU
		{654BC334-7E9A-423E-B39F-A0B8A5E28C7B}.Release|Any CPU.ActiveCfg = Release|Any CPU
		{654BC334-7E9A-423E-B39F-A0B8A5E28C7B}.Release|Any CPU.Build.0 = Release|Any CPU
		{1589C530-B653-461C-9440-7279096D3543}.Debug|Any CPU.ActiveCfg = Debug|Any CPU
		{1589C530-B653-461C-9440-7279096D3543}.Debug|Any CPU.Build.0 = Debug|Any CPU
		{1589C530-B653-461C-9440-7279096D3543}.Release|Any CPU.ActiveCfg = Release|Any CPU
		{1589C530-B653-461C-9440-7279096D3543}.Release|Any CPU.Build.0 = Release|Any CPU
		{7EF90EB1-E22C-4626-B0D5-BF8DB07D854F}.Debug|Any CPU.ActiveCfg = Debug|Any CPU
		{7EF90EB1-E22C-4626-B0D5-BF8DB07D854F}.Debug|Any CPU.Build.0 = Debug|Any CPU
		{7EF90EB1-E22C-4626-B0D5-BF8DB07D854F}.Release|Any CPU.ActiveCfg = Release|Any CPU
		{7EF90EB1-E22C-4626-B0D5-BF8DB07D854F}.Release|Any CPU.Build.0 = Release|Any CPU
		{A3336B70-EB82-41B1-BA35-18F24226EB57}.Debug|Any CPU.ActiveCfg = Debug|Any CPU
		{A3336B70-EB82-41B1-BA35-18F24226EB57}.Debug|Any CPU.Build.0 = Debug|Any CPU
		{A3336B70-EB82-41B1-BA35-18F24226EB57}.Release|Any CPU.ActiveCfg = Release|Any CPU
		{A3336B70-EB82-41B1-BA35-18F24226EB57}.Release|Any CPU.Build.0 = Release|Any CPU
	EndGlobalSection
	GlobalSection(SolutionProperties) = preSolution
		HideSolutionNode = FALSE
	EndGlobalSection
	GlobalSection(ExtensibilityGlobals) = postSolution
		SolutionGuid = {9703354B-5833-4CC5-83B9-BC8D1C80A746}
	EndGlobalSection
EndGlobal
